
Microsoft Visual Studio Solution File, Format Version 12.00
# Visual Studio Version 17
VisualStudioVersion = 17.8.34511.84
MinimumVisualStudioVersion = 10.0.40219.1
Project("{FAE04EC0-301F-11D3-BF4B-00C04F79EFBC}") = "ProductosElaborados", "ProductosElaborados\ProductosElaborados.csproj", "{58351207-5ABE-4E8D-916C-83174515A666}"
EndProject
Global
	GlobalSection(SolutionConfigurationPlatforms) = preSolution
		Debug|Any CPU = Debug|Any CPU
		Release|Any CPU = Release|Any CPU
	EndGlobalSection
	GlobalSection(ProjectConfigurationPlatforms) = postSolution
		{58351207-5ABE-4E8D-916C-83174515A666}.Debug|Any CPU.ActiveCfg = Debug|Any CPU
		{58351207-5ABE-4E8D-916C-83174515A666}.Debug|Any CPU.Build.0 = Debug|Any CPU
		{58351207-5ABE-4E8D-916C-83174515A666}.Release|Any CPU.ActiveCfg = Release|Any CPU
		{58351207-5ABE-4E8D-916C-83174515A666}.Release|Any CPU.Build.0 = Release|Any CPU
	EndGlobalSection
	GlobalSection(SolutionProperties) = preSolution
		HideSolutionNode = FALSE
	EndGlobalSection
	GlobalSection(ExtensibilityGlobals) = postSolution
		SolutionGuid = {2F421EA7-C6EE-4046-9C62-C12BFA20E8DF}
	EndGlobalSection
EndGlobal
